
Microsoft Visual Studio Solution File, Format Version 12.00
# Visual Studio Version 17
VisualStudioVersion = 17.0.32126.317
MinimumVisualStudioVersion = 10.0.40219.1
Project("{FAE04EC0-301F-11D3-BF4B-00C04F79EFBC}") = "BullkyBookWeb", "BullkyBookWeb\BullkyBookWeb.csproj", "{C5D8EB20-0F63-48D1-B76F-E4C5BC9509AD}"
EndProject
Global
	GlobalSection(SolutionConfigurationPlatforms) = preSolution
		Debug|Any CPU = Debug|Any CPU
		Release|Any CPU = Release|Any CPU
	EndGlobalSection
	GlobalSection(ProjectConfigurationPlatforms) = postSolution
		{C5D8EB20-0F63-48D1-B76F-E4C5BC9509AD}.Debug|Any CPU.ActiveCfg = Debug|Any CPU
		{C5D8EB20-0F63-48D1-B76F-E4C5BC9509AD}.Debug|Any CPU.Build.0 = Debug|Any CPU
		{C5D8EB20-0F63-48D1-B76F-E4C5BC9509AD}.Release|Any CPU.ActiveCfg = Release|Any CPU
		{C5D8EB20-0F63-48D1-B76F-E4C5BC9509AD}.Release|Any CPU.Build.0 = Release|Any CPU
	EndGlobalSection
	GlobalSection(SolutionProperties) = preSolution
		HideSolutionNode = FALSE
	EndGlobalSection
	GlobalSection(ExtensibilityGlobals) = postSolution
		SolutionGuid = {2A74F13A-9700-420B-8E95-48E22A6642A6}
	EndGlobalSection
EndGlobal
